
Microsoft Visual Studio Solution File, Format Version 12.00
# Visual Studio Version 16
VisualStudioVersion = 16.0.32802.440
MinimumVisualStudioVersion = 10.0.40219.1
Project("{FAE04EC0-301F-11D3-BF4B-00C04F79EFBC}") = "Section 3", "Section 3.csproj", "{C097BA63-1606-456B-B4AA-C4EC8BF56C0D}"
EndProject
Global
	GlobalSection(SolutionConfigurationPlatforms) = preSolution
		Debug|Any CPU = Debug|Any CPU
		Release|Any CPU = Release|Any CPU
	EndGlobalSection
	GlobalSection(ProjectConfigurationPlatforms) = postSolution
		{C097BA63-1606-456B-B4AA-C4EC8BF56C0D}.Debug|Any CPU.ActiveCfg = Debug|Any CPU
		{C097BA63-1606-456B-B4AA-C4EC8BF56C0D}.Debug|Any CPU.Build.0 = Debug|Any CPU
		{C097BA63-1606-456B-B4AA-C4EC8BF56C0D}.Release|Any CPU.ActiveCfg = Release|Any CPU
		{C097BA63-1606-456B-B4AA-C4EC8BF56C0D}.Release|Any CPU.Build.0 = Release|Any CPU
	EndGlobalSection
	GlobalSection(SolutionProperties) = preSolution
		HideSolutionNode = FALSE
	EndGlobalSection
	GlobalSection(ExtensibilityGlobals) = postSolution
		SolutionGuid = {50812B84-26AD-41AA-BD60-1679AFE2F6C0}
	EndGlobalSection
EndGlobal
