
Microsoft Visual Studio Solution File, Format Version 12.00
# Visual Studio Version 16
VisualStudioVersion = 16.0.32802.440
MinimumVisualStudioVersion = 10.0.40219.1
Project("{FAE04EC0-301F-11D3-BF4B-00C04F79EFBC}") = "Exam1", "Exam1.csproj", "{940B6E2A-44E4-42F3-AC08-9A529305258B}"
EndProject
Global
	GlobalSection(SolutionConfigurationPlatforms) = preSolution
		Debug|Any CPU = Debug|Any CPU
		Release|Any CPU = Release|Any CPU
	EndGlobalSection
	GlobalSection(ProjectConfigurationPlatforms) = postSolution
		{940B6E2A-44E4-42F3-AC08-9A529305258B}.Debug|Any CPU.ActiveCfg = Debug|Any CPU
		{940B6E2A-44E4-42F3-AC08-9A529305258B}.Debug|Any CPU.Build.0 = Debug|Any CPU
		{940B6E2A-44E4-42F3-AC08-9A529305258B}.Release|Any CPU.ActiveCfg = Release|Any CPU
		{940B6E2A-44E4-42F3-AC08-9A529305258B}.Release|Any CPU.Build.0 = Release|Any CPU
	EndGlobalSection
	GlobalSection(SolutionProperties) = preSolution
		HideSolutionNode = FALSE
	EndGlobalSection
	GlobalSection(ExtensibilityGlobals) = postSolution
		SolutionGuid = {60A80363-FCF7-4B93-BDE1-0CF904C877F1}
	EndGlobalSection
EndGlobal
